
Microsoft Visual Studio Solution File, Format Version 12.00
# Visual Studio 2012
Project("{2150E333-8FDC-42A3-9474-1A3956D46DE8}") = ".nuget", ".nuget", "{A895A8BE-BB79-4ACE-A3A0-17DC0904B9B5}"
	ProjectSection(SolutionItems) = preProject
		.nuget\NuGet.Config = .nuget\NuGet.Config
		.nuget\NuGet.exe = .nuget\NuGet.exe
		.nuget\NuGet.targets = .nuget\NuGet.targets
	EndProjectSection
EndProject
Project("{2150E333-8FDC-42A3-9474-1A3956D46DE8}") = "docs", "docs", "{19055515-9E2A-41F6-944E-E0586DFED558}"
	ProjectSection(SolutionItems) = preProject
		README.md = README.md
	EndProjectSection
EndProject
Project("{F184B08F-C81C-45F6-A57F-5ABD9991F28F}") = "Web", "src\Web.vbproj", "{A1795747-B38F-4B06-97BE-6E0712E5DC49}"
EndProject
Global
	GlobalSection(SolutionConfigurationPlatforms) = preSolution
		Debug|Any CPU = Debug|Any CPU
		Debug|MCD = Debug|MCD
		Release|Any CPU = Release|Any CPU
		Release|MCD = Release|MCD
	EndGlobalSection
	GlobalSection(ProjectConfigurationPlatforms) = postSolution
		{A1795747-B38F-4B06-97BE-6E0712E5DC49}.Debug|Any CPU.ActiveCfg = Debug|Any CPU
		{A1795747-B38F-4B06-97BE-6E0712E5DC49}.Debug|Any CPU.Build.0 = Debug|Any CPU
		{A1795747-B38F-4B06-97BE-6E0712E5DC49}.Debug|MCD.ActiveCfg = Debug|Any CPU
		{A1795747-B38F-4B06-97BE-6E0712E5DC49}.Release|Any CPU.ActiveCfg = Release|Any CPU
		{A1795747-B38F-4B06-97BE-6E0712E5DC49}.Release|Any CPU.Build.0 = Release|Any CPU
		{A1795747-B38F-4B06-97BE-6E0712E5DC49}.Release|MCD.ActiveCfg = Release|Any CPU
	EndGlobalSection
	GlobalSection(SolutionProperties) = preSolution
		HideSolutionNode = FALSE
	EndGlobalSection
	GlobalSection(SubversionScc) = preSolution
		Svn-Managed = True
		Manager = AnkhSVN - Subversion Support for Visual Studio
	EndGlobalSection
EndGlobal
